
Microsoft Visual Studio Solution File, Format Version 12.00
# Visual Studio Version 17
VisualStudioVersion = 17.1.32120.378
MinimumVisualStudioVersion = 10.0.40219.1
Project("{FAE04EC0-301F-11D3-BF4B-00C04F79EFBC}") = "ConsoleApp5", "ConsoleApp5\ConsoleApp5.csproj", "{369DBDB5-CFB3-4F77-A625-DBD05965E17D}"
EndProject
Global
	GlobalSection(SolutionConfigurationPlatforms) = preSolution
		Debug|Any CPU = Debug|Any CPU
		Release|Any CPU = Release|Any CPU
	EndGlobalSection
	GlobalSection(ProjectConfigurationPlatforms) = postSolution
		{369DBDB5-CFB3-4F77-A625-DBD05965E17D}.Debug|Any CPU.ActiveCfg = Debug|Any CPU
		{369DBDB5-CFB3-4F77-A625-DBD05965E17D}.Debug|Any CPU.Build.0 = Debug|Any CPU
		{369DBDB5-CFB3-4F77-A625-DBD05965E17D}.Release|Any CPU.ActiveCfg = Release|Any CPU
		{369DBDB5-CFB3-4F77-A625-DBD05965E17D}.Release|Any CPU.Build.0 = Release|Any CPU
	EndGlobalSection
	GlobalSection(SolutionProperties) = preSolution
		HideSolutionNode = FALSE
	EndGlobalSection
	GlobalSection(ExtensibilityGlobals) = postSolution
		SolutionGuid = {31491522-6020-402A-8C2E-E9BFC61581A8}
	EndGlobalSection
EndGlobal
